
Microsoft Visual Studio Solution File, Format Version 12.00
# Visual Studio Version 16
VisualStudioVersion = 16.0.33328.57
MinimumVisualStudioVersion = 10.0.40219.1
Project("{8BC9CEB8-8B4A-11D0-8D11-00A0C91BC942}") = "Simulation", "Simulation.vcxproj", "{26FEE2D1-AD47-4802-806D-4A8A77749685}"
EndProject
Global
	GlobalSection(SolutionConfigurationPlatforms) = preSolution
		Debug|x64 = Debug|x64
		Debug|x86 = Debug|x86
		Release|x64 = Release|x64
		Release|x86 = Release|x86
	EndGlobalSection
	GlobalSection(ProjectConfigurationPlatforms) = postSolution
		{26FEE2D1-AD47-4802-806D-4A8A77749685}.Debug|x64.ActiveCfg = Debug|x64
		{26FEE2D1-AD47-4802-806D-4A8A77749685}.Debug|x64.Build.0 = Debug|x64
		{26FEE2D1-AD47-4802-806D-4A8A77749685}.Debug|x86.ActiveCfg = Debug|Win32
		{26FEE2D1-AD47-4802-806D-4A8A77749685}.Debug|x86.Build.0 = Debug|Win32
		{26FEE2D1-AD47-4802-806D-4A8A77749685}.Release|x64.ActiveCfg = Release|x64
		{26FEE2D1-AD47-4802-806D-4A8A77749685}.Release|x64.Build.0 = Release|x64
		{26FEE2D1-AD47-4802-806D-4A8A77749685}.Release|x86.ActiveCfg = Release|Win32
		{26FEE2D1-AD47-4802-806D-4A8A77749685}.Release|x86.Build.0 = Release|Win32
	EndGlobalSection
	GlobalSection(SolutionProperties) = preSolution
		HideSolutionNode = FALSE
	EndGlobalSection
	GlobalSection(ExtensibilityGlobals) = postSolution
		SolutionGuid = {F2B9D4C8-D81D-45F6-B377-1F567EC879F4}
	EndGlobalSection
EndGlobal
